
Microsoft Visual Studio Solution File, Format Version 12.00
# Visual Studio Version 16
VisualStudioVersion = 16.0.31402.337
MinimumVisualStudioVersion = 10.0.40219.1
Project("{9A19103F-16F7-4668-BE54-9A1E7A4F7556}") = "USTTechTrial", "USTTechTrial\USTTechTrial.csproj", "{8729BA8F-87AB-426B-B1C2-42367A944C51}"
EndProject
Project("{FAE04EC0-301F-11D3-BF4B-00C04F79EFBC}") = "USTTechTrial.Test", "USTTechTrial.Test\USTTechTrial.Test.csproj", "{15B2A69E-1FD4-458D-883F-9DE6BB4D2067}"
EndProject
Global
	GlobalSection(SolutionConfigurationPlatforms) = preSolution
		Debug|Any CPU = Debug|Any CPU
		Release|Any CPU = Release|Any CPU
	EndGlobalSection
	GlobalSection(ProjectConfigurationPlatforms) = postSolution
		{8729BA8F-87AB-426B-B1C2-42367A944C51}.Debug|Any CPU.ActiveCfg = Debug|Any CPU
		{8729BA8F-87AB-426B-B1C2-42367A944C51}.Debug|Any CPU.Build.0 = Debug|Any CPU
		{8729BA8F-87AB-426B-B1C2-42367A944C51}.Release|Any CPU.ActiveCfg = Release|Any CPU
		{8729BA8F-87AB-426B-B1C2-42367A944C51}.Release|Any CPU.Build.0 = Release|Any CPU
		{15B2A69E-1FD4-458D-883F-9DE6BB4D2067}.Debug|Any CPU.ActiveCfg = Debug|Any CPU
		{15B2A69E-1FD4-458D-883F-9DE6BB4D2067}.Debug|Any CPU.Build.0 = Debug|Any CPU
		{15B2A69E-1FD4-458D-883F-9DE6BB4D2067}.Release|Any CPU.ActiveCfg = Release|Any CPU
		{15B2A69E-1FD4-458D-883F-9DE6BB4D2067}.Release|Any CPU.Build.0 = Release|Any CPU
	EndGlobalSection
	GlobalSection(SolutionProperties) = preSolution
		HideSolutionNode = FALSE
	EndGlobalSection
	GlobalSection(ExtensibilityGlobals) = postSolution
		SolutionGuid = {2C4DE45E-EFFF-4853-9882-A83636F4F4C9}
	EndGlobalSection
EndGlobal
